
Microsoft Visual Studio Solution File, Format Version 12.00
# Visual Studio Version 17
VisualStudioVersion = 17.7.34221.43
MinimumVisualStudioVersion = 10.0.40219.1
Project("{9A19103F-16F7-4668-BE54-9A1E7A4F7556}") = "SortingAlgorithms", "SortingAlgorithms\SortingAlgorithms.csproj", "{9F09567F-278B-4DC2-8EDD-51948C59A045}"
EndProject
Global
	GlobalSection(SolutionConfigurationPlatforms) = preSolution
		Debug|Any CPU = Debug|Any CPU
		Release|Any CPU = Release|Any CPU
	EndGlobalSection
	GlobalSection(ProjectConfigurationPlatforms) = postSolution
		{9F09567F-278B-4DC2-8EDD-51948C59A045}.Debug|Any CPU.ActiveCfg = Debug|Any CPU
		{9F09567F-278B-4DC2-8EDD-51948C59A045}.Debug|Any CPU.Build.0 = Debug|Any CPU
		{9F09567F-278B-4DC2-8EDD-51948C59A045}.Release|Any CPU.ActiveCfg = Release|Any CPU
		{9F09567F-278B-4DC2-8EDD-51948C59A045}.Release|Any CPU.Build.0 = Release|Any CPU
	EndGlobalSection
	GlobalSection(SolutionProperties) = preSolution
		HideSolutionNode = FALSE
	EndGlobalSection
	GlobalSection(ExtensibilityGlobals) = postSolution
		SolutionGuid = {FCCE96D9-228A-463D-A1DB-CC29931572BE}
	EndGlobalSection
EndGlobal
